
Microsoft Visual Studio Solution File, Format Version 12.00
# Visual Studio Version 17
VisualStudioVersion = 17.13.35825.156 d17.13
MinimumVisualStudioVersion = 10.0.40219.1
Project("{FAE04EC0-301F-11D3-BF4B-00C04F79EFBC}") = "TourFlexSystem.Api", "TourFlexSystemApi\TourFlexSystem.Api.csproj", "{ADCBF9EB-6873-4F74-B776-8338FBE8823F}"
EndProject
Project("{FAE04EC0-301F-11D3-BF4B-00C04F79EFBC}") = "TourFlexSystem.Domain", "TourFlexSystemDomain\TourFlexSystem.Domain.csproj", "{BA9B88C7-1E15-B5DC-450B-81A7A5F6A870}"
EndProject
Global
	GlobalSection(SolutionConfigurationPlatforms) = preSolution
		Debug|Any CPU = Debug|Any CPU
		Release|Any CPU = Release|Any CPU
	EndGlobalSection
	GlobalSection(ProjectConfigurationPlatforms) = postSolution
		{ADCBF9EB-6873-4F74-B776-8338FBE8823F}.Debug|Any CPU.ActiveCfg = Debug|Any CPU
		{ADCBF9EB-6873-4F74-B776-8338FBE8823F}.Debug|Any CPU.Build.0 = Debug|Any CPU
		{ADCBF9EB-6873-4F74-B776-8338FBE8823F}.Release|Any CPU.ActiveCfg = Release|Any CPU
		{ADCBF9EB-6873-4F74-B776-8338FBE8823F}.Release|Any CPU.Build.0 = Release|Any CPU
		{BA9B88C7-1E15-B5DC-450B-81A7A5F6A870}.Debug|Any CPU.ActiveCfg = Debug|Any CPU
		{BA9B88C7-1E15-B5DC-450B-81A7A5F6A870}.Debug|Any CPU.Build.0 = Debug|Any CPU
		{BA9B88C7-1E15-B5DC-450B-81A7A5F6A870}.Release|Any CPU.ActiveCfg = Release|Any CPU
		{BA9B88C7-1E15-B5DC-450B-81A7A5F6A870}.Release|Any CPU.Build.0 = Release|Any CPU
	EndGlobalSection
	GlobalSection(SolutionProperties) = preSolution
		HideSolutionNode = FALSE
	EndGlobalSection
	GlobalSection(ExtensibilityGlobals) = postSolution
		SolutionGuid = {BD53128F-8579-4440-ACF9-D04DF874EBAE}
	EndGlobalSection
EndGlobal
